<?xml version="1.0" encoding="utf-8"?>
<Project ToolsVersion="4.0" xmlns="http://schemas.microsoft.com/developer/msbuild/2003">
  <ItemGroup>
    <Filter Include="Source Files">
      <UniqueIdentifier>{c5c25dad-8852-43ed-bf84-7b55479f6854}</UniqueIdentifier>
      <Extensions>cpp;c;cxx;rc;def;r;odl;hpj;bat;for;f90</Extensions>
    </Filter>
    <Filter Include="Header Files">
      <UniqueIdentifier>{e13d50e3-d5a6-4146-b865-969ed0162a62}</UniqueIdentifier>
      <Extensions>h;hpp;hxx;hm;inl;fi;fd</Extensions>
    </Filter>
    <Filter Include="Resource Files">
      <UniqueIdentifier>{05a91e97-ef56-4036-a1ba-486b0a119bf9}</UniqueIdentifier>
      <Extensions>ico;cur;bmp;dlg;rc2;rct;bin;cnt;rtf;gif;jpg;jpeg;jpe</Extensions>
    </Filter>
    <Filter Include="Python Files">
      <UniqueIdentifier>{f51f4a49-c357-4dc8-8c98-92d74e2a3d22}</UniqueIdentifier>
    </Filter>
  </ItemGroup>
  <ItemGroup>
    <Text Include="readme.txt" />
  </ItemGroup>
  <ItemGroup>
    <ClCompile Include="virtualpymodule.cpp">
      <Filter>Source Files</Filter>
    </ClCompile>
    <ClCompile Include="FrameState.cpp">
      <Filter>Source Files</Filter>
    </ClCompile>
    <ClCompile Include="MainLoop.cpp">
      <Filter>Source Files</Filter>
    </ClCompile>
    <ClCompile Include="ResourcePool.cpp">
      <Filter>Source Files</Filter>
    </ClCompile>
    <ClCompile Include="IOState.cpp">
      <Filter>Source Files</Filter>
    </ClCompile>
    <ClCompile Include="VRBackendMainLoop.cpp">
      <Filter>Source Files</Filter>
    </ClCompile>
    <ClCompile Include="VRBackendResourcePool.cpp">
      <Filter>Source Files</Filter>
    </ClCompile>
  </ItemGroup>
  <ItemGroup>
    <ClInclude Include="FrameState.h">
      <Filter>Header Files</Filter>
    </ClInclude>
    <ClInclude Include="MainLoop.h">
      <Filter>Header Files</Filter>
    </ClInclude>
    <ClInclude Include="ResourcePool.h">
      <Filter>Header Files</Filter>
    </ClInclude>
    <ClInclude Include="IOState.h">
      <Filter>Header Files</Filter>
    </ClInclude>
    <ClInclude Include="PyHelper.h">
      <Filter>Header Files</Filter>
    </ClInclude>
    <ClInclude Include="VRBackendMainLoop.h">
      <Filter>Header Files</Filter>
    </ClInclude>
    <ClInclude Include="VRBackendResourcePool.h">
      <Filter>Header Files</Filter>
    </ClInclude>
  </ItemGroup>
  <ItemGroup>
    <FxCompile Include="resources\shaders.hlsl">
      <Filter>Resource Files</Filter>
    </FxCompile>
    <FxCompile Include="resources\texture_coords.hlsl">
      <Filter>Resource Files</Filter>
    </FxCompile>
    <FxCompile Include="resources\texture_shaders.hlsl">
      <Filter>Resource Files</Filter>
    </FxCompile>
  </ItemGroup>
  <ItemGroup>
    <Image Include="resources\ground.png">
      <Filter>Resource Files</Filter>
    </Image>
  </ItemGroup>
  <ItemGroup>
    <None Include="resources\startup.py">
      <Filter>Resource Files</Filter>
    </None>
    <None Include="py_libraries\virtualpy_classes.py">
      <Filter>Python Files</Filter>
    </None>
    <None Include="py_libraries\virtualpy_helpers.py">
      <Filter>Python Files</Filter>
    </None>
    <None Include="py_libraries\virtualpy_loader.py">
      <Filter>Python Files</Filter>
    </None>
    <None Include="py_libraries\virtualpy_obj.py">
      <Filter>Python Files</Filter>
    </None>
    <None Include="resources\objshader.hlsl">
      <Filter>Resource Files</Filter>
    </None>
  </ItemGroup>
</Project>